
Microsoft Visual Studio Solution File, Format Version 12.00
# Visual Studio Version 16
VisualStudioVersion = 16.0.29613.14
MinimumVisualStudioVersion = 10.0.40219.1
Project("{FAE04EC0-301F-11D3-BF4B-00C04F79EFBC}") = "Predavanje8 -", "PRIII\Predavanje8 -.csproj", "{B9ED09C9-22C2-49D9-8842-6E91845F2547}"
EndProject
Global
	GlobalSection(SolutionConfigurationPlatforms) = preSolution
		Debug|Any CPU = Debug|Any CPU
		Release|Any CPU = Release|Any CPU
	EndGlobalSection
	GlobalSection(ProjectConfigurationPlatforms) = postSolution
		{B9ED09C9-22C2-49D9-8842-6E91845F2547}.Debug|Any CPU.ActiveCfg = Debug|Any CPU
		{B9ED09C9-22C2-49D9-8842-6E91845F2547}.Debug|Any CPU.Build.0 = Debug|Any CPU
		{B9ED09C9-22C2-49D9-8842-6E91845F2547}.Release|Any CPU.ActiveCfg = Release|Any CPU
		{B9ED09C9-22C2-49D9-8842-6E91845F2547}.Release|Any CPU.Build.0 = Release|Any CPU
	EndGlobalSection
	GlobalSection(SolutionProperties) = preSolution
		HideSolutionNode = FALSE
	EndGlobalSection
	GlobalSection(ExtensibilityGlobals) = postSolution
		SolutionGuid = {4A716B6E-B3A9-4786-8C01-34179DFDA548}
	EndGlobalSection
EndGlobal
